
Microsoft Visual Studio Solution File, Format Version 12.00
# Visual Studio 2013
VisualStudioVersion = 12.0.31101.0
MinimumVisualStudioVersion = 10.0.40219.1
Project("{FAE04EC0-301F-11D3-BF4B-00C04F79EFBC}") = "MegamanProject", "Megaman\MegamanProject.csproj", "{C4E6A0AD-4C02-4F35-9D20-0090F68F6444}"
EndProject
Project("{FAE04EC0-301F-11D3-BF4B-00C04F79EFBC}") = "MegamanTest", "MegamanTest\MegamanTest.csproj", "{54871C42-718C-4C7C-BAF2-CB205EC87380}"
EndProject
Global
	GlobalSection(SolutionConfigurationPlatforms) = preSolution
		Debug|Any CPU = Debug|Any CPU
		Release|Any CPU = Release|Any CPU
	EndGlobalSection
	GlobalSection(ProjectConfigurationPlatforms) = postSolution
		{C4E6A0AD-4C02-4F35-9D20-0090F68F6444}.Debug|Any CPU.ActiveCfg = Debug|Any CPU
		{C4E6A0AD-4C02-4F35-9D20-0090F68F6444}.Debug|Any CPU.Build.0 = Debug|Any CPU
		{C4E6A0AD-4C02-4F35-9D20-0090F68F6444}.Release|Any CPU.ActiveCfg = Release|Any CPU
		{C4E6A0AD-4C02-4F35-9D20-0090F68F6444}.Release|Any CPU.Build.0 = Release|Any CPU
		{54871C42-718C-4C7C-BAF2-CB205EC87380}.Debug|Any CPU.ActiveCfg = Debug|Any CPU
		{54871C42-718C-4C7C-BAF2-CB205EC87380}.Debug|Any CPU.Build.0 = Debug|Any CPU
		{54871C42-718C-4C7C-BAF2-CB205EC87380}.Release|Any CPU.ActiveCfg = Release|Any CPU
		{54871C42-718C-4C7C-BAF2-CB205EC87380}.Release|Any CPU.Build.0 = Release|Any CPU
	EndGlobalSection
	GlobalSection(SolutionProperties) = preSolution
		HideSolutionNode = FALSE
	EndGlobalSection
EndGlobal
